
Microsoft Visual Studio Solution File, Format Version 12.00
# Visual Studio Version 17
VisualStudioVersion = 17.13.35931.197 d17.13
MinimumVisualStudioVersion = 10.0.40219.1
Project("{FAE04EC0-301F-11D3-BF4B-00C04F79EFBC}") = "JWT-Authentication.Api", "JWT-Authentication\JWT-Authentication.Api.csproj", "{D0EF493F-F52B-4D13-9DC1-134BD1C65E0F}"
EndProject
Project("{FAE04EC0-301F-11D3-BF4B-00C04F79EFBC}") = "JWT-Authentication.Abstraction", "JWT-Authentication.Abstraction\JWT-Authentication.Abstraction.csproj", "{A93D6C87-EA9F-4A0A-B614-338878A570CC}"
EndProject
Project("{FAE04EC0-301F-11D3-BF4B-00C04F79EFBC}") = "JWT-Authentication.Infrastructure", "JWT-Authentication.Infrastructure\JWT-Authentication.Infrastructure.csproj", "{FA74CD0D-1865-48C0-8953-289AE4E0A9D3}"
EndProject
Global
	GlobalSection(SolutionConfigurationPlatforms) = preSolution
		Debug|Any CPU = Debug|Any CPU
		Release|Any CPU = Release|Any CPU
	EndGlobalSection
	GlobalSection(ProjectConfigurationPlatforms) = postSolution
		{D0EF493F-F52B-4D13-9DC1-134BD1C65E0F}.Debug|Any CPU.ActiveCfg = Debug|Any CPU
		{D0EF493F-F52B-4D13-9DC1-134BD1C65E0F}.Debug|Any CPU.Build.0 = Debug|Any CPU
		{D0EF493F-F52B-4D13-9DC1-134BD1C65E0F}.Release|Any CPU.ActiveCfg = Release|Any CPU
		{D0EF493F-F52B-4D13-9DC1-134BD1C65E0F}.Release|Any CPU.Build.0 = Release|Any CPU
		{A93D6C87-EA9F-4A0A-B614-338878A570CC}.Debug|Any CPU.ActiveCfg = Debug|Any CPU
		{A93D6C87-EA9F-4A0A-B614-338878A570CC}.Debug|Any CPU.Build.0 = Debug|Any CPU
		{A93D6C87-EA9F-4A0A-B614-338878A570CC}.Release|Any CPU.ActiveCfg = Release|Any CPU
		{A93D6C87-EA9F-4A0A-B614-338878A570CC}.Release|Any CPU.Build.0 = Release|Any CPU
		{FA74CD0D-1865-48C0-8953-289AE4E0A9D3}.Debug|Any CPU.ActiveCfg = Debug|Any CPU
		{FA74CD0D-1865-48C0-8953-289AE4E0A9D3}.Debug|Any CPU.Build.0 = Debug|Any CPU
		{FA74CD0D-1865-48C0-8953-289AE4E0A9D3}.Release|Any CPU.ActiveCfg = Release|Any CPU
		{FA74CD0D-1865-48C0-8953-289AE4E0A9D3}.Release|Any CPU.Build.0 = Release|Any CPU
	EndGlobalSection
	GlobalSection(SolutionProperties) = preSolution
		HideSolutionNode = FALSE
	EndGlobalSection
	GlobalSection(ExtensibilityGlobals) = postSolution
		SolutionGuid = {576FD46C-E691-4774-BFF3-89CE7D13052B}
	EndGlobalSection
EndGlobal
